
Microsoft Visual Studio Solution File, Format Version 12.00
# Visual Studio Version 16
VisualStudioVersion = 16.0.31005.135
MinimumVisualStudioVersion = 10.0.40219.1
Project("{FAE04EC0-301F-11D3-BF4B-00C04F79EFBC}") = "Vivasgram", "Vivasgram\Vivasgram.csproj", "{D85E018D-B453-4E54-806A-430EA3643BF3}"
EndProject
Global
	GlobalSection(SolutionConfigurationPlatforms) = preSolution
		Debug|Any CPU = Debug|Any CPU
		Release|Any CPU = Release|Any CPU
	EndGlobalSection
	GlobalSection(ProjectConfigurationPlatforms) = postSolution
		{D85E018D-B453-4E54-806A-430EA3643BF3}.Debug|Any CPU.ActiveCfg = Debug|Any CPU
		{D85E018D-B453-4E54-806A-430EA3643BF3}.Debug|Any CPU.Build.0 = Debug|Any CPU
		{D85E018D-B453-4E54-806A-430EA3643BF3}.Release|Any CPU.ActiveCfg = Release|Any CPU
		{D85E018D-B453-4E54-806A-430EA3643BF3}.Release|Any CPU.Build.0 = Release|Any CPU
	EndGlobalSection
	GlobalSection(SolutionProperties) = preSolution
		HideSolutionNode = FALSE
	EndGlobalSection
	GlobalSection(ExtensibilityGlobals) = postSolution
		SolutionGuid = {04DBA0E7-4159-4FF4-9063-CD7B8EE17FFD}
	EndGlobalSection
EndGlobal
